
Microsoft Visual Studio Solution File, Format Version 12.00
# Visual Studio 2013
VisualStudioVersion = 12.0.30723.0
MinimumVisualStudioVersion = 10.0.40219.1
Project("{FAE04EC0-301F-11D3-BF4B-00C04F79EFBC}") = "Hell1024", "Hell1024\Hell1024.csproj", "{00CFDCA7-52E8-46BC-A3C2-A21F6B8E2FD1}"
EndProject
Project("{FAE04EC0-301F-11D3-BF4B-00C04F79EFBC}") = "Hell1024Tests", "Hell1024Tests1\Hell1024Tests.csproj", "{C8AD26EA-B748-4031-9555-4F6F8A5075CC}"
EndProject
Global
	GlobalSection(SolutionConfigurationPlatforms) = preSolution
		Debug|Any CPU = Debug|Any CPU
		Release|Any CPU = Release|Any CPU
	EndGlobalSection
	GlobalSection(ProjectConfigurationPlatforms) = postSolution
		{00CFDCA7-52E8-46BC-A3C2-A21F6B8E2FD1}.Debug|Any CPU.ActiveCfg = Debug|Any CPU
		{00CFDCA7-52E8-46BC-A3C2-A21F6B8E2FD1}.Debug|Any CPU.Build.0 = Debug|Any CPU
		{00CFDCA7-52E8-46BC-A3C2-A21F6B8E2FD1}.Release|Any CPU.ActiveCfg = Release|Any CPU
		{00CFDCA7-52E8-46BC-A3C2-A21F6B8E2FD1}.Release|Any CPU.Build.0 = Release|Any CPU
		{C8AD26EA-B748-4031-9555-4F6F8A5075CC}.Debug|Any CPU.ActiveCfg = Debug|Any CPU
		{C8AD26EA-B748-4031-9555-4F6F8A5075CC}.Debug|Any CPU.Build.0 = Debug|Any CPU
		{C8AD26EA-B748-4031-9555-4F6F8A5075CC}.Release|Any CPU.ActiveCfg = Release|Any CPU
		{C8AD26EA-B748-4031-9555-4F6F8A5075CC}.Release|Any CPU.Build.0 = Release|Any CPU
	EndGlobalSection
	GlobalSection(SolutionProperties) = preSolution
		HideSolutionNode = FALSE
	EndGlobalSection
EndGlobal
